
Microsoft Visual Studio Solution File, Format Version 12.00
# Visual Studio Version 16
VisualStudioVersion = 16.0.30717.126
MinimumVisualStudioVersion = 10.0.40219.1
Project("{FAE04EC0-301F-11D3-BF4B-00C04F79EFBC}") = "WebViewGis", "WebViewGis\WebViewGis.csproj", "{FB121662-2113-496E-8E1B-03B6A8104476}"
EndProject
Global
	GlobalSection(SolutionConfigurationPlatforms) = preSolution
		Debug|Any CPU = Debug|Any CPU
		Release|Any CPU = Release|Any CPU
	EndGlobalSection
	GlobalSection(ProjectConfigurationPlatforms) = postSolution
		{FB121662-2113-496E-8E1B-03B6A8104476}.Debug|Any CPU.ActiveCfg = Debug|Any CPU
		{FB121662-2113-496E-8E1B-03B6A8104476}.Debug|Any CPU.Build.0 = Debug|Any CPU
		{FB121662-2113-496E-8E1B-03B6A8104476}.Release|Any CPU.ActiveCfg = Release|Any CPU
		{FB121662-2113-496E-8E1B-03B6A8104476}.Release|Any CPU.Build.0 = Release|Any CPU
	EndGlobalSection
	GlobalSection(SolutionProperties) = preSolution
		HideSolutionNode = FALSE
	EndGlobalSection
	GlobalSection(ExtensibilityGlobals) = postSolution
		SolutionGuid = {8E297E8E-CB05-4082-A3BF-09733965AC2A}
	EndGlobalSection
EndGlobal
